
Microsoft Visual Studio Solution File, Format Version 12.00
# Visual Studio Version 17
VisualStudioVersion = 17.8.34511.84
MinimumVisualStudioVersion = 10.0.40219.1
Project("{FAE04EC0-301F-11D3-BF4B-00C04F79EFBC}") = "StoreConePantallas.Android", "StoreConePantallas\StoreConePantallas.Android\StoreConePantallas.Android.csproj", "{7C3D6737-9825-4C8F-8D78-74034050FBF1}"
EndProject
Project("{FAE04EC0-301F-11D3-BF4B-00C04F79EFBC}") = "StoreConePantallas", "StoreConePantallas\StoreConePantallas\StoreConePantallas.csproj", "{690F65D5-10BB-43AB-9965-B2F9CEE17DC5}"
EndProject
Global
	GlobalSection(SolutionConfigurationPlatforms) = preSolution
		Debug|Any CPU = Debug|Any CPU
		Release|Any CPU = Release|Any CPU
	EndGlobalSection
	GlobalSection(ProjectConfigurationPlatforms) = postSolution
		{7C3D6737-9825-4C8F-8D78-74034050FBF1}.Debug|Any CPU.ActiveCfg = Debug|Any CPU
		{7C3D6737-9825-4C8F-8D78-74034050FBF1}.Debug|Any CPU.Build.0 = Debug|Any CPU
		{7C3D6737-9825-4C8F-8D78-74034050FBF1}.Debug|Any CPU.Deploy.0 = Debug|Any CPU
		{7C3D6737-9825-4C8F-8D78-74034050FBF1}.Release|Any CPU.ActiveCfg = Release|Any CPU
		{7C3D6737-9825-4C8F-8D78-74034050FBF1}.Release|Any CPU.Build.0 = Release|Any CPU
		{7C3D6737-9825-4C8F-8D78-74034050FBF1}.Release|Any CPU.Deploy.0 = Release|Any CPU
		{690F65D5-10BB-43AB-9965-B2F9CEE17DC5}.Debug|Any CPU.ActiveCfg = Debug|Any CPU
		{690F65D5-10BB-43AB-9965-B2F9CEE17DC5}.Debug|Any CPU.Build.0 = Debug|Any CPU
		{690F65D5-10BB-43AB-9965-B2F9CEE17DC5}.Debug|Any CPU.Deploy.0 = Debug|Any CPU
		{690F65D5-10BB-43AB-9965-B2F9CEE17DC5}.Release|Any CPU.ActiveCfg = Release|Any CPU
		{690F65D5-10BB-43AB-9965-B2F9CEE17DC5}.Release|Any CPU.Build.0 = Release|Any CPU
		{690F65D5-10BB-43AB-9965-B2F9CEE17DC5}.Release|Any CPU.Deploy.0 = Release|Any CPU
	EndGlobalSection
	GlobalSection(SolutionProperties) = preSolution
		HideSolutionNode = FALSE
	EndGlobalSection
	GlobalSection(ExtensibilityGlobals) = postSolution
		SolutionGuid = {944A518C-B8EA-4086-806F-3A600F913BAE}
	EndGlobalSection
EndGlobal
